// !$*UTF8*$!
{
	archiveVersion = 1;
	classes = {
	};
	objectVersion = 46;
	objects = {

/* Begin PBXBuildFile section */
		30872CB31D5BF9A200D4652F /* AppDelegate.swift in Sources */ = {isa = PBXBuildFile; fileRef = 30872CB21D5BF9A200D4652F /* AppDelegate.swift */; };
		30872CB51D5BF9A200D4652F /* ViewController.swift in Sources */ = {isa = PBXBuildFile; fileRef = 30872CB41D5BF9A200D4652F /* ViewController.swift */; };
		30872CB81D5BF9A200D4652F /* Main.storyboard in Resources */ = {isa = PBXBuildFile; fileRef = 30872CB61D5BF9A200D4652F /* Main.storyboard */; };
		30872CBA1D5BF9A200D4652F /* Assets.xcassets in Resources */ = {isa = PBXBuildFile; fileRef = 30872CB91D5BF9A200D4652F /* Assets.xcassets */; };
		30872CBD1D5BF9A200D4652F /* LaunchScreen.storyboard in Resources */ = {isa = PBXBuildFile; fileRef = 30872CBB1D5BF9A200D4652F /* LaunchScreen.storyboard */; };
/* End PBXBuildFile section */

/* Begin PBXFileReference section */
		30872CAF1D5BF9A200D4652F /* overwatch-soundboard.app */ = {isa = PBXFileReference; explicitFileType = wrapper.application; includeInIndex = 0; path = "overwatch-soundboard.app"; sourceTree = BUILT_PRODUCTS_DIR; };
		30872CB21D5BF9A200D4652F /* AppDelegate.swift */ = {isa = PBXFileReference; lastKnownFileType = sourcecode.swift; path = AppDelegate.swift; sourceTree = "<group>"; };
		30872CB41D5BF9A200D4652F /* ViewController.swift */ = {isa = PBXFileReference; lastKnownFileType = sourcecode.swift; path = ViewController.swift; sourceTree = "<group>"; };
		30872CB71D5BF9A200D4652F /* Base */ = {isa = PBXFileReference; lastKnownFileType = file.storyboard; name = Base; path = Base.lproj/Main.storyboard; sourceTree = "<group>"; };
		30872CB91D5BF9A200D4652F /* Assets.xcassets */ = {isa = PBXFileReference; lastKnownFileType = folder.assetcatalog; path = Assets.xcassets; sourceTree = "<group>"; };
		30872CBC1D5BF9A200D4652F /* Base */ = {isa = PBXFileReference; lastKnownFileType = file.storyboard; name = Base; path = Base.lproj/LaunchScreen.storyboard; sourceTree = "<group>"; };
		30872CBE1D5BF9A200D4652F /* Info.plist */ = {isa = PBXFileReference; lastKnownFileType = text.plist.xml; path = Info.plist; sourceTree = "<group>"; };
/* End PBXFileReference section */

/* Begin PBXFrameworksBuildPhase section */
		30872CAC1D5BF9A200D4652F /* Frameworks */ = {
			isa = PBXFrameworksBuildPhase;
			buildActionMask = 2147483647;
			files = (
			);
			runOnlyForDeploymentPostprocessing = 0;
		};
/* End PBXFrameworksBuildPhase section */

/* Begin PBXGroup section */
		30872CA61D5BF9A200D4652F = {
			isa = PBXGroup;
			children = (
				30872CB11D5BF9A200D4652F /* overwatch-soundboard */,
				30872CB01D5BF9A200D4652F /* Products */,
			);
			sourceTree = "<group>";
		};
		30872CB01D5BF9A200D4652F /* Products */ = {
			isa = PBXGroup;
			children = (
				30872CAF1D5BF9A200D4652F /* overwatch-soundboard.app */,
			);
			name = Products;
			sourceTree = "<group>";
		};
		30872CB11D5BF9A200D4652F /* overwatch-soundboard */ = {
			isa = PBXGroup;
			children = (
				30872CB21D5BF9A200D4652F /* AppDelegate.swift */,
				30872CB41D5BF9A200D4652F /* ViewController.swift */,
				30872CB61D5BF9A200D4652F /* Main.storyboard */,
				30872CB91D5BF9A200D4652F /* Assets.xcassets */,
				30872CBB1D5BF9A200D4652F /* LaunchScreen.storyboard */,
				30872CBE1D5BF9A200D4652F /* Info.plist */,
			);
			path = "overwatch-soundboard";
			sourceTree = "<group>";
		};
/* End PBXGroup section */

/* Begin PBXNativeTarget section */
		30872CAE1D5BF9A200D4652F /* overwatch-soundboard */ = {
			isa = PBXNativeTarget;
			buildConfigurationList = 30872CC11D5BF9A200D4652F /* Build configuration list for PBXNativeTarget "overwatch-soundboard" */;
			buildPhases = (
				30872CAB1D5BF9A200D4652F /* Sources */,
				30872CAC1D5BF9A200D4652F /* Frameworks */,
				30872CAD1D5BF9A200D4652F /* Resources */,
			);
			buildRules = (
			);
			dependencies = (
			);
			name = "overwatch-soundboard";
			productName = "overwatch-soundboard";
			productReference = 30872CAF1D5BF9A200D4652F /* overwatch-soundboard.app */;
			productType = "com.apple.product-type.application";
		};
/* End PBXNativeTarget section */

/* Begin PBXProject section */
		30872CA71D5BF9A200D4652F /* Project object */ = {
			isa = PBXProject;
			attributes = {
				LastSwiftUpdateCheck = 0730;
				LastUpgradeCheck = 0730;
				ORGANIZATIONNAME = "Tora Cross";
				TargetAttributes = {
					30872CAE1D5BF9A200D4652F = {
						CreatedOnToolsVersion = 7.3.1;
					};
				};
			};
			buildConfigurationList = 30872CAA1D5BF9A200D4652F /* Build configuration list for PBXProject "overwatch-soundboard" */;
			compatibilityVersion = "Xcode 3.2";
			developmentRegion = English;
			hasScannedForEncodings = 0;
			knownRegions = (
				en,
				Base,
			);
			mainGroup = 30872CA61D5BF9A200D4652F;
			productRefGroup = 30872CB01D5BF9A200D4652F /* Products */;
			projectDirPath = "";
			projectRoot = "";
			targets = (
				30872CAE1D5BF9A200D4652F /* overwatch-soundboard */,
			);
		};
/* End PBXProject section */

/* Begin PBXResourcesBuildPhase section */
		30872CAD1D5BF9A200D4652F /* Resources */ = {
			isa = PBXResourcesBuildPhase;
			buildActionMask = 2147483647;
			files = (
				30872CBD1D5BF9A200D4652F /* LaunchScreen.storyboard in Resources */,
				30872CBA1D5BF9A200D4652F /* Assets.xcassets in Resources */,
				30872CB81D5BF9A200D4652F /* Main.storyboard in Resources */,
			);
			runOnlyForDeploymentPostprocessing = 0;
		};
/* End PBXResourcesBuildPhase section */

/* Begin PBXSourcesBuildPhase section */
		30872CAB1D5BF9A200D4652F /* Sources */ = {
			isa = PBXSourcesBuildPhase;
			buildActionMask = 2147483647;
			files = (
				30872CB51D5BF9A200D4652F /* ViewController.swift in Sources */,
				30872CB31D5BF9A200D4652F /* AppDelegate.swift in Sources */,
			);
			runOnlyForDeploymentPostprocessing = 0;
		};
/* End PBXSourcesBuildPhase section */

/* Begin PBXVariantGroup section */
		30872CB61D5BF9A200D4652F /* Main.storyboard */ = {
			isa = PBXVariantGroup;
			children = (
				30872CB71D5BF9A200D4652F /* Base */,
			);
			name = Main.storyboard;
			sourceTree = "<group>";
		};
		30872CBB1D5BF9A200D4652F /* LaunchScreen.storyboard */ = {
			isa = PBXVariantGroup;
			children = (
				30872CBC1D5BF9A200D4652F /* Base */,
			);
			name = LaunchScreen.storyboard;
			sourceTree = "<group>";
		};
/* End PBXVariantGroup section */

/* Begin XCBuildConfiguration section */
		30872CBF1D5BF9A200D4652F /* Debug */ = {
			isa = XCBuildConfiguration;
			buildSettings = {
				ALWAYS_SEARCH_USER_PATHS = NO;
				CLANG_ANALYZER_NONNULL = YES;
				CLANG_CXX_LANGUAGE_STANDARD = "gnu++0x";
				CLANG_CXX_LIBRARY = "libc++";
				CLANG_ENABLE_MODULES = YES;
				CLANG_ENABLE_OBJC_ARC = YES;
				CLANG_WARN_BOOL_CONVERSION = YES;
				CLANG_WARN_CONSTANT_CONVERSION = YES;
				CLANG_WARN_DIRECT_OBJC_ISA_USAGE = YES_ERROR;
				CLANG_WARN_EMPTY_BODY = YES;
				CLANG_WARN_ENUM_CONVERSION = YES;
				CLANG_WARN_INT_CONVERSION = YES;
				CLANG_WARN_OBJC_ROOT_CLASS = YES_ERROR;
				CLANG_WARN_UNREACHABLE_CODE = YES;
				CLANG_WARN__DUPLICATE_METHOD_MATCH = YES;
				"CODE_SIGN_IDENTITY[sdk=iphoneos*]" = "iPhone Developer";
				COPY_PHASE_STRIP = NO;
				DEBUG_INFORMATION_FORMAT = dwarf;
				ENABLE_STRICT_OBJC_MSGSEND = YES;
				ENABLE_TESTABILITY = YES;
				GCC_C_LANGUAGE_STANDARD = gnu99;
				GCC_DYNAMIC_NO_PIC = NO;
				GCC_NO_COMMON_BLOCKS = YES;
				GCC_OPTIMIZATION_LEVEL = 0;
				GCC_PREPROCESSOR_DEFINITIONS = (
					"DEBUG=1",
					"$(inherited)",
				);
				GCC_WARN_64_TO_32_BIT_CONVERSION = YES;
				GCC_WARN_ABOUT_RETURN_TYPE = YES_ERROR;
				GCC_WARN_UNDECLARED_SELECTOR = YES;
				GCC_WARN_UNINITIALIZED_AUTOS = YES_AGGRESSIVE;
				GCC_WARN_UNUSED_FUNCTION = YES;
				GCC_WARN_UNUSED_VARIABLE = YES;
				IPHONEOS_DEPLOYMENT_TARGET = 9.3;
				MTL_ENABLE_DEBUG_INFO = YES;
				ONLY_ACTIVE_ARCH = YES;
				SDKROOT = iphoneos;
				SWIFT_OPTIMIZATION_LEVEL = "-Onone";
				TARGETED_DEVICE_FAMILY = "1,2";
			};
			name = Debug;
		};
		30872CC01D5BF9A200D4652F /* Release */ = {
			isa = XCBuildConfiguration;
			buildSettings = {
				ALWAYS_SEARCH_USER_PATHS = NO;
				CLANG_ANALYZER_NONNULL = YES;
				CLANG_CXX_LANGUAGE_STANDARD = "gnu++0x";
				CLANG_CXX_LIBRARY = "libc++";
				CLANG_ENABLE_MODULES = YES;
				CLANG_ENABLE_OBJC_ARC = YES;
				CLANG_WARN_BOOL_CONVERSION = YES;
				CLANG_WARN_CONSTANT_CONVERSION = YES;
				CLANG_WARN_DIRECT_OBJC_ISA_USAGE = YES_ERROR;
				CLANG_WARN_EMPTY_BODY = YES;
				CLANG_WARN_ENUM_CONVERSION = YES;
				CLANG_WARN_INT_CONVERSION = YES;
				CLANG_WARN_OBJC_ROOT_CLASS = YES_ERROR;
				CLANG_WARN_UNREACHABLE_CODE = YES;
				CLANG_WARN__DUPLICATE_METHOD_MATCH = YES;
				"CODE_SIGN_IDENTITY[sdk=iphoneos*]" = "iPhone Developer";
				COPY_PHASE_STRIP = NO;
				DEBUG_INFORMATION_FORMAT = "dwarf-with-dsym";
				ENABLE_NS_ASSERTIONS = NO;
				ENABLE_STRICT_OBJC_MSGSEND = YES;
				GCC_C_LANGUAGE_STANDARD = gnu99;
				GCC_NO_COMMON_BLOCKS = YES;
				GCC_WARN_64_TO_32_BIT_CONVERSION = YES;
				GCC_WARN_ABOUT_RETURN_TYPE = YES_ERROR;
				GCC_WARN_UNDECLARED_SELECTOR = YES;
				GCC_WARN_UNINITIALIZED_AUTOS = YES_AGGRESSIVE;
				GCC_WARN_UNUSED_FUNCTION = YES;
				GCC_WARN_UNUSED_VARIABLE = YES;
				IPHONEOS_DEPLOYMENT_TARGET = 9.3;
				MTL_ENABLE_DEBUG_INFO = NO;
				SDKROOT = iphoneos;
				TARGETED_DEVICE_FAMILY = "1,2";
				VALIDATE_PRODUCT = YES;
			};
			name = Release;
		};
		30872CC21D5BF9A200D4652F /* Debug */ = {
			isa = XCBuildConfiguration;
			buildSettings = {
				ASSETCATALOG_COMPILER_APPICON_NAME = AppIcon;
				INFOPLIST_FILE = "overwatch-soundboard/Info.plist";
				LD_RUNPATH_SEARCH_PATHS = "$(inherited) @executable_path/Frameworks";
				PRODUCT_BUNDLE_IDENTIFIER = "com.toracross.overwatch-soundboard";
				PRODUCT_NAME = "$(TARGET_NAME)";
			};
			name = Debug;
		};
		30872CC31D5BF9A200D4652F /* Release */ = {
			isa = XCBuildConfiguration;
			buildSettings = {
				ASSETCATALOG_COMPILER_APPICON_NAME = AppIcon;
				INFOPLIST_FILE = "overwatch-soundboard/Info.plist";
				LD_RUNPATH_SEARCH_PATHS = "$(inherited) @executable_path/Frameworks";
				PRODUCT_BUNDLE_IDENTIFIER = "com.toracross.overwatch-soundboard";
				PRODUCT_NAME = "$(TARGET_NAME)";
			};
			name = Release;
		};
/* End XCBuildConfiguration section */

/* Begin XCConfigurationList section */
		30872CAA1D5BF9A200D4652F /* Build configuration list for PBXProject "overwatch-soundboard" */ = {
			isa = XCConfigurationList;
			buildConfigurations = (
				30872CBF1D5BF9A200D4652F /* Debug */,
				30872CC01D5BF9A200D4652F /* Release */,
			);
			defaultConfigurationIsVisible = 0;
			defaultConfigurationName = Release;
		};
		30872CC11D5BF9A200D4652F /* Build configuration list for PBXNativeTarget "overwatch-soundboard" */ = {
			isa = XCConfigurationList;
			buildConfigurations = (
				30872CC21D5BF9A200D4652F /* Debug */,
				30872CC31D5BF9A200D4652F /* Release */,
			);
			defaultConfigurationIsVisible = 0;
		};
/* End XCConfigurationList section */
	};
	rootObject = 30872CA71D5BF9A200D4652F /* Project object */;
}
